
Microsoft Visual Studio Solution File, Format Version 12.00
# Visual Studio 15
VisualStudioVersion = 15.0.27703.2042
MinimumVisualStudioVersion = 10.0.40219.1
Project("{FAE04EC0-301F-11D3-BF4B-00C04F79EFBC}") = "PilotInitiator50sp1", "PilotInitiator50sp1\PilotInitiator50sp1.csproj", "{7F1938DE-049B-4CF8-9F90-6F382E4BB781}"
EndProject
Global
	GlobalSection(SolutionConfigurationPlatforms) = preSolution
		Debug|Any CPU = Debug|Any CPU
		Release|Any CPU = Release|Any CPU
	EndGlobalSection
	GlobalSection(ProjectConfigurationPlatforms) = postSolution
		{7F1938DE-049B-4CF8-9F90-6F382E4BB781}.Debug|Any CPU.ActiveCfg = Debug|Any CPU
		{7F1938DE-049B-4CF8-9F90-6F382E4BB781}.Debug|Any CPU.Build.0 = Debug|Any CPU
		{7F1938DE-049B-4CF8-9F90-6F382E4BB781}.Release|Any CPU.ActiveCfg = Release|Any CPU
		{7F1938DE-049B-4CF8-9F90-6F382E4BB781}.Release|Any CPU.Build.0 = Release|Any CPU
	EndGlobalSection
	GlobalSection(SolutionProperties) = preSolution
		HideSolutionNode = FALSE
	EndGlobalSection
	GlobalSection(ExtensibilityGlobals) = postSolution
		SolutionGuid = {31614617-3183-4B3F-95A7-7BDAE0FF3D10}
	EndGlobalSection
EndGlobal
